
Microsoft Visual Studio Solution File, Format Version 12.00
# Visual Studio 15
VisualStudioVersion = 15.0.28307.106
MinimumVisualStudioVersion = 10.0.40219.1
Project("{FAE04EC0-301F-11D3-BF4B-00C04F79EFBC}") = "CalculateMain", "CalculateMain.csproj", "{EEF03CB0-A173-4506-A189-6C16AC638583}"
EndProject
Project("{FAE04EC0-301F-11D3-BF4B-00C04F79EFBC}") = "CalculateLib", "CalculateLib\CalculateLib.csproj", "{1DDCF52B-0C47-4201-A644-B998260FB16D}"
EndProject
Project("{FAE04EC0-301F-11D3-BF4B-00C04F79EFBC}") = "CalculateTest", "..\CalculateTest\CalculateTest.csproj", "{33940864-CA06-410D-AA8D-0968E137DD06}"
EndProject
Global
	GlobalSection(SolutionConfigurationPlatforms) = preSolution
		Debug|Any CPU = Debug|Any CPU
		Release|Any CPU = Release|Any CPU
	EndGlobalSection
	GlobalSection(ProjectConfigurationPlatforms) = postSolution
		{EEF03CB0-A173-4506-A189-6C16AC638583}.Debug|Any CPU.ActiveCfg = Debug|Any CPU
		{EEF03CB0-A173-4506-A189-6C16AC638583}.Debug|Any CPU.Build.0 = Debug|Any CPU
		{EEF03CB0-A173-4506-A189-6C16AC638583}.Release|Any CPU.ActiveCfg = Release|Any CPU
		{EEF03CB0-A173-4506-A189-6C16AC638583}.Release|Any CPU.Build.0 = Release|Any CPU
		{1DDCF52B-0C47-4201-A644-B998260FB16D}.Debug|Any CPU.ActiveCfg = Debug|Any CPU
		{1DDCF52B-0C47-4201-A644-B998260FB16D}.Debug|Any CPU.Build.0 = Debug|Any CPU
		{1DDCF52B-0C47-4201-A644-B998260FB16D}.Release|Any CPU.ActiveCfg = Release|Any CPU
		{1DDCF52B-0C47-4201-A644-B998260FB16D}.Release|Any CPU.Build.0 = Release|Any CPU
		{33940864-CA06-410D-AA8D-0968E137DD06}.Debug|Any CPU.ActiveCfg = Debug|Any CPU
		{33940864-CA06-410D-AA8D-0968E137DD06}.Debug|Any CPU.Build.0 = Debug|Any CPU
		{33940864-CA06-410D-AA8D-0968E137DD06}.Release|Any CPU.ActiveCfg = Release|Any CPU
		{33940864-CA06-410D-AA8D-0968E137DD06}.Release|Any CPU.Build.0 = Release|Any CPU
	EndGlobalSection
	GlobalSection(SolutionProperties) = preSolution
		HideSolutionNode = FALSE
	EndGlobalSection
	GlobalSection(ExtensibilityGlobals) = postSolution
		SolutionGuid = {98D19843-7B06-43D1-BD23-9AE34B65FC03}
	EndGlobalSection
EndGlobal
